// !$*UTF8*$!
{
	archiveVersion = 1;
	classes = {
	};
	objectVersion = 48;
	objects = {

/* Begin PBXBuildFile section */
		340D37B01FB0466C00658B8A /* AppDelegate.m in Sources */ = {isa = PBXBuildFile; fileRef = 340D37AF1FB0466C00658B8A /* AppDelegate.m */; };
		340D37B31FB0466C00658B8A /* ViewController.m in Sources */ = {isa = PBXBuildFile; fileRef = 340D37B21FB0466C00658B8A /* ViewController.m */; };
		340D37B61FB0466C00658B8A /* Main.storyboard in Resources */ = {isa = PBXBuildFile; fileRef = 340D37B41FB0466C00658B8A /* Main.storyboard */; };
		340D37B91FB0466C00658B8A /* GitDemo.xcdatamodeld in Sources */ = {isa = PBXBuildFile; fileRef = 340D37B71FB0466C00658B8A /* GitDemo.xcdatamodeld */; };
		340D37BB1FB0466C00658B8A /* Assets.xcassets in Resources */ = {isa = PBXBuildFile; fileRef = 340D37BA1FB0466C00658B8A /* Assets.xcassets */; };
		340D37BE1FB0466C00658B8A /* LaunchScreen.storyboard in Resources */ = {isa = PBXBuildFile; fileRef = 340D37BC1FB0466C00658B8A /* LaunchScreen.storyboard */; };
		340D37C11FB0466C00658B8A /* main.m in Sources */ = {isa = PBXBuildFile; fileRef = 340D37C01FB0466C00658B8A /* main.m */; };
		340D37CD1FB04DA200658B8A /* OneViewController.m in Sources */ = {isa = PBXBuildFile; fileRef = 340D37CB1FB04DA200658B8A /* OneViewController.m */; };
		340D37CE1FB04DA200658B8A /* OneViewController.xib in Resources */ = {isa = PBXBuildFile; fileRef = 340D37CC1FB04DA200658B8A /* OneViewController.xib */; };
/* End PBXBuildFile section */

/* Begin PBXFileReference section */
		340D37AB1FB0466C00658B8A /* GitDemo.app */ = {isa = PBXFileReference; explicitFileType = wrapper.application; includeInIndex = 0; path = GitDemo.app; sourceTree = BUILT_PRODUCTS_DIR; };
		340D37AE1FB0466C00658B8A /* AppDelegate.h */ = {isa = PBXFileReference; lastKnownFileType = sourcecode.c.h; path = AppDelegate.h; sourceTree = "<group>"; };
		340D37AF1FB0466C00658B8A /* AppDelegate.m */ = {isa = PBXFileReference; lastKnownFileType = sourcecode.c.objc; path = AppDelegate.m; sourceTree = "<group>"; };
		340D37B11FB0466C00658B8A /* ViewController.h */ = {isa = PBXFileReference; lastKnownFileType = sourcecode.c.h; path = ViewController.h; sourceTree = "<group>"; };
		340D37B21FB0466C00658B8A /* ViewController.m */ = {isa = PBXFileReference; lastKnownFileType = sourcecode.c.objc; path = ViewController.m; sourceTree = "<group>"; };
		340D37B51FB0466C00658B8A /* Base */ = {isa = PBXFileReference; lastKnownFileType = file.storyboard; name = Base; path = Base.lproj/Main.storyboard; sourceTree = "<group>"; };
		340D37B81FB0466C00658B8A /* GitDemo.xcdatamodel */ = {isa = PBXFileReference; lastKnownFileType = wrapper.xcdatamodel; path = GitDemo.xcdatamodel; sourceTree = "<group>"; };
		340D37BA1FB0466C00658B8A /* Assets.xcassets */ = {isa = PBXFileReference; lastKnownFileType = folder.assetcatalog; path = Assets.xcassets; sourceTree = "<group>"; };
		340D37BD1FB0466C00658B8A /* Base */ = {isa = PBXFileReference; lastKnownFileType = file.storyboard; name = Base; path = Base.lproj/LaunchScreen.storyboard; sourceTree = "<group>"; };
		340D37BF1FB0466C00658B8A /* Info.plist */ = {isa = PBXFileReference; lastKnownFileType = text.plist.xml; path = Info.plist; sourceTree = "<group>"; };
		340D37C01FB0466C00658B8A /* main.m */ = {isa = PBXFileReference; lastKnownFileType = sourcecode.c.objc; path = main.m; sourceTree = "<group>"; };
		340D37CA1FB04DA200658B8A /* OneViewController.h */ = {isa = PBXFileReference; lastKnownFileType = sourcecode.c.h; path = OneViewController.h; sourceTree = "<group>"; };
		340D37CB1FB04DA200658B8A /* OneViewController.m */ = {isa = PBXFileReference; lastKnownFileType = sourcecode.c.objc; path = OneViewController.m; sourceTree = "<group>"; };
		340D37CC1FB04DA200658B8A /* OneViewController.xib */ = {isa = PBXFileReference; lastKnownFileType = file.xib; path = OneViewController.xib; sourceTree = "<group>"; };
/* End PBXFileReference section */

/* Begin PBXFrameworksBuildPhase section */
		340D37A81FB0466C00658B8A /* Frameworks */ = {
			isa = PBXFrameworksBuildPhase;
			buildActionMask = 2147483647;
			files = (
			);
			runOnlyForDeploymentPostprocessing = 0;
		};
/* End PBXFrameworksBuildPhase section */

/* Begin PBXGroup section */
		340D37A21FB0466C00658B8A = {
			isa = PBXGroup;
			children = (
				340D37AD1FB0466C00658B8A /* GitDemo */,
				340D37AC1FB0466C00658B8A /* Products */,
			);
			sourceTree = "<group>";
		};
		340D37AC1FB0466C00658B8A /* Products */ = {
			isa = PBXGroup;
			children = (
				340D37AB1FB0466C00658B8A /* GitDemo.app */,
			);
			name = Products;
			sourceTree = "<group>";
		};
		340D37AD1FB0466C00658B8A /* GitDemo */ = {
			isa = PBXGroup;
			children = (
				340D37AE1FB0466C00658B8A /* AppDelegate.h */,
				340D37AF1FB0466C00658B8A /* AppDelegate.m */,
				340D37B11FB0466C00658B8A /* ViewController.h */,
				340D37B21FB0466C00658B8A /* ViewController.m */,
				340D37B41FB0466C00658B8A /* Main.storyboard */,
				340D37BA1FB0466C00658B8A /* Assets.xcassets */,
				340D37BC1FB0466C00658B8A /* LaunchScreen.storyboard */,
				340D37BF1FB0466C00658B8A /* Info.plist */,
				340D37C01FB0466C00658B8A /* main.m */,
				340D37B71FB0466C00658B8A /* GitDemo.xcdatamodeld */,
				340D37CA1FB04DA200658B8A /* OneViewController.h */,
				340D37CB1FB04DA200658B8A /* OneViewController.m */,
				340D37CC1FB04DA200658B8A /* OneViewController.xib */,
			);
			path = GitDemo;
			sourceTree = "<group>";
		};
/* End PBXGroup section */

/* Begin PBXNativeTarget section */
		340D37AA1FB0466C00658B8A /* GitDemo */ = {
			isa = PBXNativeTarget;
			buildConfigurationList = 340D37C41FB0466C00658B8A /* Build configuration list for PBXNativeTarget "GitDemo" */;
			buildPhases = (
				340D37A71FB0466C00658B8A /* Sources */,
				340D37A81FB0466C00658B8A /* Frameworks */,
				340D37A91FB0466C00658B8A /* Resources */,
			);
			buildRules = (
			);
			dependencies = (
			);
			name = GitDemo;
			productName = GitDemo;
			productReference = 340D37AB1FB0466C00658B8A /* GitDemo.app */;
			productType = "com.apple.product-type.application";
		};
/* End PBXNativeTarget section */

/* Begin PBXProject section */
		340D37A31FB0466C00658B8A /* Project object */ = {
			isa = PBXProject;
			attributes = {
				LastUpgradeCheck = 0900;
				ORGANIZATIONNAME = LuoLi;
				TargetAttributes = {
					340D37AA1FB0466C00658B8A = {
						CreatedOnToolsVersion = 9.0.1;
						ProvisioningStyle = Automatic;
					};
				};
			};
			buildConfigurationList = 340D37A61FB0466C00658B8A /* Build configuration list for PBXProject "GitDemo" */;
			compatibilityVersion = "Xcode 8.0";
			developmentRegion = en;
			hasScannedForEncodings = 0;
			knownRegions = (
				en,
				Base,
			);
			mainGroup = 340D37A21FB0466C00658B8A;
			productRefGroup = 340D37AC1FB0466C00658B8A /* Products */;
			projectDirPath = "";
			projectRoot = "";
			targets = (
				340D37AA1FB0466C00658B8A /* GitDemo */,
			);
		};
/* End PBXProject section */

/* Begin PBXResourcesBuildPhase section */
		340D37A91FB0466C00658B8A /* Resources */ = {
			isa = PBXResourcesBuildPhase;
			buildActionMask = 2147483647;
			files = (
				340D37BE1FB0466C00658B8A /* LaunchScreen.storyboard in Resources */,
				340D37BB1FB0466C00658B8A /* Assets.xcassets in Resources */,
				340D37B61FB0466C00658B8A /* Main.storyboard in Resources */,
				340D37CE1FB04DA200658B8A /* OneViewController.xib in Resources */,
			);
			runOnlyForDeploymentPostprocessing = 0;
		};
/* End PBXResourcesBuildPhase section */

/* Begin PBXSourcesBuildPhase section */
		340D37A71FB0466C00658B8A /* Sources */ = {
			isa = PBXSourcesBuildPhase;
			buildActionMask = 2147483647;
			files = (
				340D37B31FB0466C00658B8A /* ViewController.m in Sources */,
				340D37CD1FB04DA200658B8A /* OneViewController.m in Sources */,
				340D37B91FB0466C00658B8A /* GitDemo.xcdatamodeld in Sources */,
				340D37C11FB0466C00658B8A /* main.m in Sources */,
				340D37B01FB0466C00658B8A /* AppDelegate.m in Sources */,
			);
			runOnlyForDeploymentPostprocessing = 0;
		};
/* End PBXSourcesBuildPhase section */

/* Begin PBXVariantGroup section */
		340D37B41FB0466C00658B8A /* Main.storyboard */ = {
			isa = PBXVariantGroup;
			children = (
				340D37B51FB0466C00658B8A /* Base */,
			);
			name = Main.storyboard;
			sourceTree = "<group>";
		};
		340D37BC1FB0466C00658B8A /* LaunchScreen.storyboard */ = {
			isa = PBXVariantGroup;
			children = (
				340D37BD1FB0466C00658B8A /* Base */,
			);
			name = LaunchScreen.storyboard;
			sourceTree = "<group>";
		};
/* End PBXVariantGroup section */

/* Begin XCBuildConfiguration section */
		340D37C21FB0466C00658B8A /* Debug */ = {
			isa = XCBuildConfiguration;
			buildSettings = {
				ALWAYS_SEARCH_USER_PATHS = NO;
				CLANG_ANALYZER_NONNULL = YES;
				CLANG_ANALYZER_NUMBER_OBJECT_CONVERSION = YES_AGGRESSIVE;
				CLANG_CXX_LANGUAGE_STANDARD = "gnu++14";
				CLANG_CXX_LIBRARY = "libc++";
				CLANG_ENABLE_MODULES = YES;
				CLANG_ENABLE_OBJC_ARC = YES;
				CLANG_WARN_BLOCK_CAPTURE_AUTORELEASING = YES;
				CLANG_WARN_BOOL_CONVERSION = YES;
				CLANG_WARN_COMMA = YES;
				CLANG_WARN_CONSTANT_CONVERSION = YES;
				CLANG_WARN_DIRECT_OBJC_ISA_USAGE = YES_ERROR;
				CLANG_WARN_DOCUMENTATION_COMMENTS = YES;
				CLANG_WARN_EMPTY_BODY = YES;
				CLANG_WARN_ENUM_CONVERSION = YES;
				CLANG_WARN_INFINITE_RECURSION = YES;
				CLANG_WARN_INT_CONVERSION = YES;
				CLANG_WARN_NON_LITERAL_NULL_CONVERSION = YES;
				CLANG_WARN_OBJC_LITERAL_CONVERSION = YES;
				CLANG_WARN_OBJC_ROOT_CLASS = YES_ERROR;
				CLANG_WARN_RANGE_LOOP_ANALYSIS = YES;
				CLANG_WARN_STRICT_PROTOTYPES = YES;
				CLANG_WARN_SUSPICIOUS_MOVE = YES;
				CLANG_WARN_UNGUARDED_AVAILABILITY = YES_AGGRESSIVE;
				CLANG_WARN_UNREACHABLE_CODE = YES;
				CLANG_WARN__DUPLICATE_METHOD_MATCH = YES;
				CODE_SIGN_IDENTITY = "iPhone Developer";
				COPY_PHASE_STRIP = NO;
				DEBUG_INFORMATION_FORMAT = dwarf;
				ENABLE_STRICT_OBJC_MSGSEND = YES;
				ENABLE_TESTABILITY = YES;
				GCC_C_LANGUAGE_STANDARD = gnu11;
				GCC_DYNAMIC_NO_PIC = NO;
				GCC_NO_COMMON_BLOCKS = YES;
				GCC_OPTIMIZATION_LEVEL = 0;
				GCC_PREPROCESSOR_DEFINITIONS = (
					"DEBUG=1",
					"$(inherited)",
				);
				GCC_WARN_64_TO_32_BIT_CONVERSION = YES;
				GCC_WARN_ABOUT_RETURN_TYPE = YES_ERROR;
				GCC_WARN_UNDECLARED_SELECTOR = YES;
				GCC_WARN_UNINITIALIZED_AUTOS = YES_AGGRESSIVE;
				GCC_WARN_UNUSED_FUNCTION = YES;
				GCC_WARN_UNUSED_VARIABLE = YES;
				IPHONEOS_DEPLOYMENT_TARGET = 11.0;
				MTL_ENABLE_DEBUG_INFO = YES;
				ONLY_ACTIVE_ARCH = YES;
				SDKROOT = iphoneos;
			};
			name = Debug;
		};
		340D37C31FB0466C00658B8A /* Release */ = {
			isa = XCBuildConfiguration;
			buildSettings = {
				ALWAYS_SEARCH_USER_PATHS = NO;
				CLANG_ANALYZER_NONNULL = YES;
				CLANG_ANALYZER_NUMBER_OBJECT_CONVERSION = YES_AGGRESSIVE;
				CLANG_CXX_LANGUAGE_STANDARD = "gnu++14";
				CLANG_CXX_LIBRARY = "libc++";
				CLANG_ENABLE_MODULES = YES;
				CLANG_ENABLE_OBJC_ARC = YES;
				CLANG_WARN_BLOCK_CAPTURE_AUTORELEASING = YES;
				CLANG_WARN_BOOL_CONVERSION = YES;
				CLANG_WARN_COMMA = YES;
				CLANG_WARN_CONSTANT_CONVERSION = YES;
				CLANG_WARN_DIRECT_OBJC_ISA_USAGE = YES_ERROR;
				CLANG_WARN_DOCUMENTATION_COMMENTS = YES;
				CLANG_WARN_EMPTY_BODY = YES;
				CLANG_WARN_ENUM_CONVERSION = YES;
				CLANG_WARN_INFINITE_RECURSION = YES;
				CLANG_WARN_INT_CONVERSION = YES;
				CLANG_WARN_NON_LITERAL_NULL_CONVERSION = YES;
				CLANG_WARN_OBJC_LITERAL_CONVERSION = YES;
				CLANG_WARN_OBJC_ROOT_CLASS = YES_ERROR;
				CLANG_WARN_RANGE_LOOP_ANALYSIS = YES;
				CLANG_WARN_STRICT_PROTOTYPES = YES;
				CLANG_WARN_SUSPICIOUS_MOVE = YES;
				CLANG_WARN_UNGUARDED_AVAILABILITY = YES_AGGRESSIVE;
				CLANG_WARN_UNREACHABLE_CODE = YES;
				CLANG_WARN__DUPLICATE_METHOD_MATCH = YES;
				CODE_SIGN_IDENTITY = "iPhone Developer";
				COPY_PHASE_STRIP = NO;
				DEBUG_INFORMATION_FORMAT = "dwarf-with-dsym";
				ENABLE_NS_ASSERTIONS = NO;
				ENABLE_STRICT_OBJC_MSGSEND = YES;
				GCC_C_LANGUAGE_STANDARD = gnu11;
				GCC_NO_COMMON_BLOCKS = YES;
				GCC_WARN_64_TO_32_BIT_CONVERSION = YES;
				GCC_WARN_ABOUT_RETURN_TYPE = YES_ERROR;
				GCC_WARN_UNDECLARED_SELECTOR = YES;
				GCC_WARN_UNINITIALIZED_AUTOS = YES_AGGRESSIVE;
				GCC_WARN_UNUSED_FUNCTION = YES;
				GCC_WARN_UNUSED_VARIABLE = YES;
				IPHONEOS_DEPLOYMENT_TARGET = 11.0;
				MTL_ENABLE_DEBUG_INFO = NO;
				SDKROOT = iphoneos;
				VALIDATE_PRODUCT = YES;
			};
			name = Release;
		};
		340D37C51FB0466C00658B8A /* Debug */ = {
			isa = XCBuildConfiguration;
			buildSettings = {
				ASSETCATALOG_COMPILER_APPICON_NAME = AppIcon;
				CODE_SIGN_STYLE = Automatic;
				DEVELOPMENT_TEAM = 43LVX9XV7A;
				INFOPLIST_FILE = GitDemo/Info.plist;
				LD_RUNPATH_SEARCH_PATHS = "$(inherited) @executable_path/Frameworks";
				PRODUCT_BUNDLE_IDENTIFIER = com.LuoLi.GitDemo;
				PRODUCT_NAME = "$(TARGET_NAME)";
				TARGETED_DEVICE_FAMILY = "1,2";
			};
			name = Debug;
		};
		340D37C61FB0466C00658B8A /* Release */ = {
			isa = XCBuildConfiguration;
			buildSettings = {
				ASSETCATALOG_COMPILER_APPICON_NAME = AppIcon;
				CODE_SIGN_STYLE = Automatic;
				DEVELOPMENT_TEAM = 43LVX9XV7A;
				INFOPLIST_FILE = GitDemo/Info.plist;
				LD_RUNPATH_SEARCH_PATHS = "$(inherited) @executable_path/Frameworks";
				PRODUCT_BUNDLE_IDENTIFIER = com.LuoLi.GitDemo;
				PRODUCT_NAME = "$(TARGET_NAME)";
				TARGETED_DEVICE_FAMILY = "1,2";
			};
			name = Release;
		};
/* End XCBuildConfiguration section */

/* Begin XCConfigurationList section */
		340D37A61FB0466C00658B8A /* Build configuration list for PBXProject "GitDemo" */ = {
			isa = XCConfigurationList;
			buildConfigurations = (
				340D37C21FB0466C00658B8A /* Debug */,
				340D37C31FB0466C00658B8A /* Release */,
			);
			defaultConfigurationIsVisible = 0;
			defaultConfigurationName = Release;
		};
		340D37C41FB0466C00658B8A /* Build configuration list for PBXNativeTarget "GitDemo" */ = {
			isa = XCConfigurationList;
			buildConfigurations = (
				340D37C51FB0466C00658B8A /* Debug */,
				340D37C61FB0466C00658B8A /* Release */,
			);
			defaultConfigurationIsVisible = 0;
			defaultConfigurationName = Release;
		};
/* End XCConfigurationList section */

/* Begin XCVersionGroup section */
		340D37B71FB0466C00658B8A /* GitDemo.xcdatamodeld */ = {
			isa = XCVersionGroup;
			children = (
				340D37B81FB0466C00658B8A /* GitDemo.xcdatamodel */,
			);
			currentVersion = 340D37B81FB0466C00658B8A /* GitDemo.xcdatamodel */;
			path = GitDemo.xcdatamodeld;
			sourceTree = "<group>";
			versionGroupType = wrapper.xcdatamodel;
		};
/* End XCVersionGroup section */
	};
	rootObject = 340D37A31FB0466C00658B8A /* Project object */;
}
